
Microsoft Visual Studio Solution File, Format Version 12.00
# Visual Studio 15
VisualStudioVersion = 15.0.28307.168
MinimumVisualStudioVersion = 10.0.40219.1
Project("{FAE04EC0-301F-11D3-BF4B-00C04F79EFBC}") = "GerinProWEBudget", "GerinProWEBudget\GerinProWEBudget.csproj", "{AF4099B5-3C37-4B01-86B6-4CB82701DF24}"
EndProject
Global
	GlobalSection(SolutionConfigurationPlatforms) = preSolution
		Debug|Any CPU = Debug|Any CPU
		Release|Any CPU = Release|Any CPU
	EndGlobalSection
	GlobalSection(ProjectConfigurationPlatforms) = postSolution
		{AF4099B5-3C37-4B01-86B6-4CB82701DF24}.Debug|Any CPU.ActiveCfg = Debug|Any CPU
		{AF4099B5-3C37-4B01-86B6-4CB82701DF24}.Debug|Any CPU.Build.0 = Debug|Any CPU
		{AF4099B5-3C37-4B01-86B6-4CB82701DF24}.Release|Any CPU.ActiveCfg = Release|Any CPU
		{AF4099B5-3C37-4B01-86B6-4CB82701DF24}.Release|Any CPU.Build.0 = Release|Any CPU
	EndGlobalSection
	GlobalSection(SolutionProperties) = preSolution
		HideSolutionNode = FALSE
	EndGlobalSection
	GlobalSection(ExtensibilityGlobals) = postSolution
		SolutionGuid = {5593F3B1-AEA6-4E2C-94B8-2FA1FE4EAD7E}
	EndGlobalSection
EndGlobal
